
Microsoft Visual Studio Solution File, Format Version 12.00
# Visual Studio Version 17
VisualStudioVersion = 17.6.33712.159
MinimumVisualStudioVersion = 10.0.40219.1
Project("{8BC9CEB8-8B4A-11D0-8D11-00A0C91BC942}") = "TinyGame", "TinyGame.vcxproj", "{965CD118-BD18-41E6-819A-6664664D9000}"
EndProject
Global
	GlobalSection(SolutionConfigurationPlatforms) = preSolution
		Debug|x64 = Debug|x64
		Debug|x86 = Debug|x86
		Release|x64 = Release|x64
		Release|x86 = Release|x86
	EndGlobalSection
	GlobalSection(ProjectConfigurationPlatforms) = postSolution
		{965CD118-BD18-41E6-819A-6664664D9000}.Debug|x64.ActiveCfg = Debug|x64
		{965CD118-BD18-41E6-819A-6664664D9000}.Debug|x64.Build.0 = Debug|x64
		{965CD118-BD18-41E6-819A-6664664D9000}.Debug|x86.ActiveCfg = Debug|Win32
		{965CD118-BD18-41E6-819A-6664664D9000}.Debug|x86.Build.0 = Debug|Win32
		{965CD118-BD18-41E6-819A-6664664D9000}.Release|x64.ActiveCfg = Release|x64
		{965CD118-BD18-41E6-819A-6664664D9000}.Release|x64.Build.0 = Release|x64
		{965CD118-BD18-41E6-819A-6664664D9000}.Release|x86.ActiveCfg = Release|Win32
		{965CD118-BD18-41E6-819A-6664664D9000}.Release|x86.Build.0 = Release|Win32
	EndGlobalSection
	GlobalSection(SolutionProperties) = preSolution
		HideSolutionNode = FALSE
	EndGlobalSection
	GlobalSection(ExtensibilityGlobals) = postSolution
		SolutionGuid = {51A1E802-5BE8-45B0-B910-48000765886B}
	EndGlobalSection
EndGlobal
